// !$*UTF8*$!
{
	archiveVersion = 1;
	classes = {
	};
	objectVersion = 77;
	objects = {

/* Begin PBXContainerItemProxy section */
		F7CBB2F82D946FA8001E5C59 /* PBXContainerItemProxy */ = {
			isa = PBXContainerItemProxy;
			containerPortal = F7CBB2DF2D946FA6001E5C59 /* Project object */;
			proxyType = 1;
			remoteGlobalIDString = F7CBB2E62D946FA6001E5C59;
			remoteInfo = FirstProjekt;
		};
		F7CBB3022D946FA8001E5C59 /* PBXContainerItemProxy */ = {
			isa = PBXContainerItemProxy;
			containerPortal = F7CBB2DF2D946FA6001E5C59 /* Project object */;
			proxyType = 1;
			remoteGlobalIDString = F7CBB2E62D946FA6001E5C59;
			remoteInfo = FirstProjekt;
		};
/* End PBXContainerItemProxy section */

/* Begin PBXFileReference section */
		F7CBB2E72D946FA6001E5C59 /* FirstProjekt.app */ = {isa = PBXFileReference; explicitFileType = wrapper.application; includeInIndex = 0; path = FirstProjekt.app; sourceTree = BUILT_PRODUCTS_DIR; };
		F7CBB2F72D946FA8001E5C59 /* FirstProjektTests.xctest */ = {isa = PBXFileReference; explicitFileType = wrapper.cfbundle; includeInIndex = 0; path = FirstProjektTests.xctest; sourceTree = BUILT_PRODUCTS_DIR; };
		F7CBB3012D946FA8001E5C59 /* FirstProjektUITests.xctest */ = {isa = PBXFileReference; explicitFileType = wrapper.cfbundle; includeInIndex = 0; path = FirstProjektUITests.xctest; sourceTree = BUILT_PRODUCTS_DIR; };
/* End PBXFileReference section */

/* Begin PBXFileSystemSynchronizedRootGroup section */
		F7CBB2E92D946FA6001E5C59 /* FirstProjekt */ = {
			isa = PBXFileSystemSynchronizedRootGroup;
			path = FirstProjekt;
			sourceTree = "<group>";
		};
		F7CBB2FA2D946FA8001E5C59 /* FirstProjektTests */ = {
			isa = PBXFileSystemSynchronizedRootGroup;
			path = FirstProjektTests;
			sourceTree = "<group>";
		};
		F7CBB3042D946FA8001E5C59 /* FirstProjektUITests */ = {
			isa = PBXFileSystemSynchronizedRootGroup;
			path = FirstProjektUITests;
			sourceTree = "<group>";
		};
/* End PBXFileSystemSynchronizedRootGroup section */

/* Begin PBXFrameworksBuildPhase section */
		F7CBB2E42D946FA6001E5C59 /* Frameworks */ = {
			isa = PBXFrameworksBuildPhase;
			buildActionMask = 2147483647;
			files = (
			);
			runOnlyForDeploymentPostprocessing = 0;
		};
		F7CBB2F42D946FA8001E5C59 /* Frameworks */ = {
			isa = PBXFrameworksBuildPhase;
			buildActionMask = 2147483647;
			files = (
			);
			runOnlyForDeploymentPostprocessing = 0;
		};
		F7CBB2FE2D946FA8001E5C59 /* Frameworks */ = {
			isa = PBXFrameworksBuildPhase;
			buildActionMask = 2147483647;
			files = (
			);
			runOnlyForDeploymentPostprocessing = 0;
		};
/* End PBXFrameworksBuildPhase section */

/* Begin PBXGroup section */
		F7CBB2DE2D946FA6001E5C59 = {
			isa = PBXGroup;
			children = (
				F7CBB2E92D946FA6001E5C59 /* FirstProjekt */,
				F7CBB2FA2D946FA8001E5C59 /* FirstProjektTests */,
				F7CBB3042D946FA8001E5C59 /* FirstProjektUITests */,
				F7CBB2E82D946FA6001E5C59 /* Products */,
			);
			sourceTree = "<group>";
		};
		F7CBB2E82D946FA6001E5C59 /* Products */ = {
			isa = PBXGroup;
			children = (
				F7CBB2E72D946FA6001E5C59 /* FirstProjekt.app */,
				F7CBB2F72D946FA8001E5C59 /* FirstProjektTests.xctest */,
				F7CBB3012D946FA8001E5C59 /* FirstProjektUITests.xctest */,
			);
			name = Products;
			sourceTree = "<group>";
		};
/* End PBXGroup section */

/* Begin PBXNativeTarget section */
		F7CBB2E62D946FA6001E5C59 /* FirstProjekt */ = {
			isa = PBXNativeTarget;
			buildConfigurationList = F7CBB30B2D946FA8001E5C59 /* Build configuration list for PBXNativeTarget "FirstProjekt" */;
			buildPhases = (
				F7CBB2E32D946FA6001E5C59 /* Sources */,
				F7CBB2E42D946FA6001E5C59 /* Frameworks */,
				F7CBB2E52D946FA6001E5C59 /* Resources */,
			);
			buildRules = (
			);
			dependencies = (
			);
			fileSystemSynchronizedGroups = (
				F7CBB2E92D946FA6001E5C59 /* FirstProjekt */,
			);
			name = FirstProjekt;
			packageProductDependencies = (
			);
			productName = FirstProjekt;
			productReference = F7CBB2E72D946FA6001E5C59 /* FirstProjekt.app */;
			productType = "com.apple.product-type.application";
		};
		F7CBB2F62D946FA8001E5C59 /* FirstProjektTests */ = {
			isa = PBXNativeTarget;
			buildConfigurationList = F7CBB30E2D946FA8001E5C59 /* Build configuration list for PBXNativeTarget "FirstProjektTests" */;
			buildPhases = (
				F7CBB2F32D946FA8001E5C59 /* Sources */,
				F7CBB2F42D946FA8001E5C59 /* Frameworks */,
				F7CBB2F52D946FA8001E5C59 /* Resources */,
			);
			buildRules = (
			);
			dependencies = (
				F7CBB2F92D946FA8001E5C59 /* PBXTargetDependency */,
			);
			fileSystemSynchronizedGroups = (
				F7CBB2FA2D946FA8001E5C59 /* FirstProjektTests */,
			);
			name = FirstProjektTests;
			packageProductDependencies = (
			);
			productName = FirstProjektTests;
			productReference = F7CBB2F72D946FA8001E5C59 /* FirstProjektTests.xctest */;
			productType = "com.apple.product-type.bundle.unit-test";
		};
		F7CBB3002D946FA8001E5C59 /* FirstProjektUITests */ = {
			isa = PBXNativeTarget;
			buildConfigurationList = F7CBB3112D946FA8001E5C59 /* Build configuration list for PBXNativeTarget "FirstProjektUITests" */;
			buildPhases = (
				F7CBB2FD2D946FA8001E5C59 /* Sources */,
				F7CBB2FE2D946FA8001E5C59 /* Frameworks */,
				F7CBB2FF2D946FA8001E5C59 /* Resources */,
			);
			buildRules = (
			);
			dependencies = (
				F7CBB3032D946FA8001E5C59 /* PBXTargetDependency */,
			);
			fileSystemSynchronizedGroups = (
				F7CBB3042D946FA8001E5C59 /* FirstProjektUITests */,
			);
			name = FirstProjektUITests;
			packageProductDependencies = (
			);
			productName = FirstProjektUITests;
			productReference = F7CBB3012D946FA8001E5C59 /* FirstProjektUITests.xctest */;
			productType = "com.apple.product-type.bundle.ui-testing";
		};
/* End PBXNativeTarget section */

/* Begin PBXProject section */
		F7CBB2DF2D946FA6001E5C59 /* Project object */ = {
			isa = PBXProject;
			attributes = {
				BuildIndependentTargetsInParallel = 1;
				LastSwiftUpdateCheck = 1620;
				LastUpgradeCheck = 1620;
				TargetAttributes = {
					F7CBB2E62D946FA6001E5C59 = {
						CreatedOnToolsVersion = 16.2;
					};
					F7CBB2F62D946FA8001E5C59 = {
						CreatedOnToolsVersion = 16.2;
						TestTargetID = F7CBB2E62D946FA6001E5C59;
					};
					F7CBB3002D946FA8001E5C59 = {
						CreatedOnToolsVersion = 16.2;
						TestTargetID = F7CBB2E62D946FA6001E5C59;
					};
				};
			};
			buildConfigurationList = F7CBB2E22D946FA6001E5C59 /* Build configuration list for PBXProject "FirstProjekt" */;
			developmentRegion = en;
			hasScannedForEncodings = 0;
			knownRegions = (
				en,
				Base,
			);
			mainGroup = F7CBB2DE2D946FA6001E5C59;
			minimizedProjectReferenceProxies = 1;
			preferredProjectObjectVersion = 77;
			productRefGroup = F7CBB2E82D946FA6001E5C59 /* Products */;
			projectDirPath = "";
			projectRoot = "";
			targets = (
				F7CBB2E62D946FA6001E5C59 /* FirstProjekt */,
				F7CBB2F62D946FA8001E5C59 /* FirstProjektTests */,
				F7CBB3002D946FA8001E5C59 /* FirstProjektUITests */,
			);
		};
/* End PBXProject section */

/* Begin PBXResourcesBuildPhase section */
		F7CBB2E52D946FA6001E5C59 /* Resources */ = {
			isa = PBXResourcesBuildPhase;
			buildActionMask = 2147483647;
			files = (
			);
			runOnlyForDeploymentPostprocessing = 0;
		};
		F7CBB2F52D946FA8001E5C59 /* Resources */ = {
			isa = PBXResourcesBuildPhase;
			buildActionMask = 2147483647;
			files = (
			);
			runOnlyForDeploymentPostprocessing = 0;
		};
		F7CBB2FF2D946FA8001E5C59 /* Resources */ = {
			isa = PBXResourcesBuildPhase;
			buildActionMask = 2147483647;
			files = (
			);
			runOnlyForDeploymentPostprocessing = 0;
		};
/* End PBXResourcesBuildPhase section */

/* Begin PBXSourcesBuildPhase section */
		F7CBB2E32D946FA6001E5C59 /* Sources */ = {
			isa = PBXSourcesBuildPhase;
			buildActionMask = 2147483647;
			files = (
			);
			runOnlyForDeploymentPostprocessing = 0;
		};
		F7CBB2F32D946FA8001E5C59 /* Sources */ = {
			isa = PBXSourcesBuildPhase;
			buildActionMask = 2147483647;
			files = (
			);
			runOnlyForDeploymentPostprocessing = 0;
		};
		F7CBB2FD2D946FA8001E5C59 /* Sources */ = {
			isa = PBXSourcesBuildPhase;
			buildActionMask = 2147483647;
			files = (
			);
			runOnlyForDeploymentPostprocessing = 0;
		};
/* End PBXSourcesBuildPhase section */

/* Begin PBXTargetDependency section */
		F7CBB2F92D946FA8001E5C59 /* PBXTargetDependency */ = {
			isa = PBXTargetDependency;
			target = F7CBB2E62D946FA6001E5C59 /* FirstProjekt */;
			targetProxy = F7CBB2F82D946FA8001E5C59 /* PBXContainerItemProxy */;
		};
		F7CBB3032D946FA8001E5C59 /* PBXTargetDependency */ = {
			isa = PBXTargetDependency;
			target = F7CBB2E62D946FA6001E5C59 /* FirstProjekt */;
			targetProxy = F7CBB3022D946FA8001E5C59 /* PBXContainerItemProxy */;
		};
/* End PBXTargetDependency section */

/* Begin XCBuildConfiguration section */
		F7CBB3092D946FA8001E5C59 /* Debug */ = {
			isa = XCBuildConfiguration;
			buildSettings = {
				ALWAYS_SEARCH_USER_PATHS = NO;
				ASSETCATALOG_COMPILER_GENERATE_SWIFT_ASSET_SYMBOL_EXTENSIONS = YES;
				CLANG_ANALYZER_NONNULL = YES;
				CLANG_ANALYZER_NUMBER_OBJECT_CONVERSION = YES_AGGRESSIVE;
				CLANG_CXX_LANGUAGE_STANDARD = "gnu++20";
				CLANG_ENABLE_MODULES = YES;
				CLANG_ENABLE_OBJC_ARC = YES;
				CLANG_ENABLE_OBJC_WEAK = YES;
				CLANG_WARN_BLOCK_CAPTURE_AUTORELEASING = YES;
				CLANG_WARN_BOOL_CONVERSION = YES;
				CLANG_WARN_COMMA = YES;
				CLANG_WARN_CONSTANT_CONVERSION = YES;
				CLANG_WARN_DEPRECATED_OBJC_IMPLEMENTATIONS = YES;
				CLANG_WARN_DIRECT_OBJC_ISA_USAGE = YES_ERROR;
				CLANG_WARN_DOCUMENTATION_COMMENTS = YES;
				CLANG_WARN_EMPTY_BODY = YES;
				CLANG_WARN_ENUM_CONVERSION = YES;
				CLANG_WARN_INFINITE_RECURSION = YES;
				CLANG_WARN_INT_CONVERSION = YES;
				CLANG_WARN_NON_LITERAL_NULL_CONVERSION = YES;
				CLANG_WARN_OBJC_IMPLICIT_RETAIN_SELF = YES;
				CLANG_WARN_OBJC_LITERAL_CONVERSION = YES;
				CLANG_WARN_OBJC_ROOT_CLASS = YES_ERROR;
				CLANG_WARN_QUOTED_INCLUDE_IN_FRAMEWORK_HEADER = YES;
				CLANG_WARN_RANGE_LOOP_ANALYSIS = YES;
				CLANG_WARN_STRICT_PROTOTYPES = YES;
				CLANG_WARN_SUSPICIOUS_MOVE = YES;
				CLANG_WARN_UNGUARDED_AVAILABILITY = YES_AGGRESSIVE;
				CLANG_WARN_UNREACHABLE_CODE = YES;
				CLANG_WARN__DUPLICATE_METHOD_MATCH = YES;
				COPY_PHASE_STRIP = NO;
				DEBUG_INFORMATION_FORMAT = dwarf;
				ENABLE_STRICT_OBJC_MSGSEND = YES;
				ENABLE_TESTABILITY = YES;
				ENABLE_USER_SCRIPT_SANDBOXING = YES;
				GCC_C_LANGUAGE_STANDARD = gnu17;
				GCC_DYNAMIC_NO_PIC = NO;
				GCC_NO_COMMON_BLOCKS = YES;
				GCC_OPTIMIZATION_LEVEL = 0;
				GCC_PREPROCESSOR_DEFINITIONS = (
					"DEBUG=1",
					"$(inherited)",
				);
				GCC_WARN_64_TO_32_BIT_CONVERSION = YES;
				GCC_WARN_ABOUT_RETURN_TYPE = YES_ERROR;
				GCC_WARN_UNDECLARED_SELECTOR = YES;
				GCC_WARN_UNINITIALIZED_AUTOS = YES_AGGRESSIVE;
				GCC_WARN_UNUSED_FUNCTION = YES;
				GCC_WARN_UNUSED_VARIABLE = YES;
				IPHONEOS_DEPLOYMENT_TARGET = 18.2;
				LOCALIZATION_PREFERS_STRING_CATALOGS = YES;
				MTL_ENABLE_DEBUG_INFO = INCLUDE_SOURCE;
				MTL_FAST_MATH = YES;
				ONLY_ACTIVE_ARCH = YES;
				SDKROOT = iphoneos;
				SWIFT_ACTIVE_COMPILATION_CONDITIONS = "DEBUG $(inherited)";
				SWIFT_OPTIMIZATION_LEVEL = "-Onone";
			};
			name = Debug;
		};
		F7CBB30A2D946FA8001E5C59 /* Release */ = {
			isa = XCBuildConfiguration;
			buildSettings = {
				ALWAYS_SEARCH_USER_PATHS = NO;
				ASSETCATALOG_COMPILER_GENERATE_SWIFT_ASSET_SYMBOL_EXTENSIONS = YES;
				CLANG_ANALYZER_NONNULL = YES;
				CLANG_ANALYZER_NUMBER_OBJECT_CONVERSION = YES_AGGRESSIVE;
				CLANG_CXX_LANGUAGE_STANDARD = "gnu++20";
				CLANG_ENABLE_MODULES = YES;
				CLANG_ENABLE_OBJC_ARC = YES;
				CLANG_ENABLE_OBJC_WEAK = YES;
				CLANG_WARN_BLOCK_CAPTURE_AUTORELEASING = YES;
				CLANG_WARN_BOOL_CONVERSION = YES;
				CLANG_WARN_COMMA = YES;
				CLANG_WARN_CONSTANT_CONVERSION = YES;
				CLANG_WARN_DEPRECATED_OBJC_IMPLEMENTATIONS = YES;
				CLANG_WARN_DIRECT_OBJC_ISA_USAGE = YES_ERROR;
				CLANG_WARN_DOCUMENTATION_COMMENTS = YES;
				CLANG_WARN_EMPTY_BODY = YES;
				CLANG_WARN_ENUM_CONVERSION = YES;
				CLANG_WARN_INFINITE_RECURSION = YES;
				CLANG_WARN_INT_CONVERSION = YES;
				CLANG_WARN_NON_LITERAL_NULL_CONVERSION = YES;
				CLANG_WARN_OBJC_IMPLICIT_RETAIN_SELF = YES;
				CLANG_WARN_OBJC_LITERAL_CONVERSION = YES;
				CLANG_WARN_OBJC_ROOT_CLASS = YES_ERROR;
				CLANG_WARN_QUOTED_INCLUDE_IN_FRAMEWORK_HEADER = YES;
				CLANG_WARN_RANGE_LOOP_ANALYSIS = YES;
				CLANG_WARN_STRICT_PROTOTYPES = YES;
				CLANG_WARN_SUSPICIOUS_MOVE = YES;
				CLANG_WARN_UNGUARDED_AVAILABILITY = YES_AGGRESSIVE;
				CLANG_WARN_UNREACHABLE_CODE = YES;
				CLANG_WARN__DUPLICATE_METHOD_MATCH = YES;
				COPY_PHASE_STRIP = NO;
				DEBUG_INFORMATION_FORMAT = "dwarf-with-dsym";
				ENABLE_NS_ASSERTIONS = NO;
				ENABLE_STRICT_OBJC_MSGSEND = YES;
				ENABLE_USER_SCRIPT_SANDBOXING = YES;
				GCC_C_LANGUAGE_STANDARD = gnu17;
				GCC_NO_COMMON_BLOCKS = YES;
				GCC_WARN_64_TO_32_BIT_CONVERSION = YES;
				GCC_WARN_ABOUT_RETURN_TYPE = YES_ERROR;
				GCC_WARN_UNDECLARED_SELECTOR = YES;
				GCC_WARN_UNINITIALIZED_AUTOS = YES_AGGRESSIVE;
				GCC_WARN_UNUSED_FUNCTION = YES;
				GCC_WARN_UNUSED_VARIABLE = YES;
				IPHONEOS_DEPLOYMENT_TARGET = 18.2;
				LOCALIZATION_PREFERS_STRING_CATALOGS = YES;
				MTL_ENABLE_DEBUG_INFO = NO;
				MTL_FAST_MATH = YES;
				SDKROOT = iphoneos;
				SWIFT_COMPILATION_MODE = wholemodule;
				VALIDATE_PRODUCT = YES;
			};
			name = Release;
		};
		F7CBB30C2D946FA8001E5C59 /* Debug */ = {
			isa = XCBuildConfiguration;
			buildSettings = {
				ASSETCATALOG_COMPILER_APPICON_NAME = AppIcon;
				ASSETCATALOG_COMPILER_GLOBAL_ACCENT_COLOR_NAME = AccentColor;
				CODE_SIGN_STYLE = Automatic;
				CURRENT_PROJECT_VERSION = 1;
				DEVELOPMENT_ASSET_PATHS = "\"FirstProjekt/Preview Content\"";
				DEVELOPMENT_TEAM = T3B2A4636L;
				ENABLE_PREVIEWS = YES;
				GENERATE_INFOPLIST_FILE = YES;
				INFOPLIST_KEY_UIApplicationSceneManifest_Generation = YES;
				INFOPLIST_KEY_UIApplicationSupportsIndirectInputEvents = YES;
				INFOPLIST_KEY_UILaunchScreen_Generation = YES;
				INFOPLIST_KEY_UISupportedInterfaceOrientations_iPad = "UIInterfaceOrientationPortrait UIInterfaceOrientationPortraitUpsideDown UIInterfaceOrientationLandscapeLeft UIInterfaceOrientationLandscapeRight";
				INFOPLIST_KEY_UISupportedInterfaceOrientations_iPhone = "UIInterfaceOrientationPortrait UIInterfaceOrientationLandscapeLeft UIInterfaceOrientationLandscapeRight";
				LD_RUNPATH_SEARCH_PATHS = (
					"$(inherited)",
					"@executable_path/Frameworks",
				);
				MARKETING_VERSION = 1.0;
				PRODUCT_BUNDLE_IDENTIFIER = Projekt.FirstProjekt;
				PRODUCT_NAME = "$(TARGET_NAME)";
				SWIFT_EMIT_LOC_STRINGS = YES;
				SWIFT_VERSION = 5.0;
				TARGETED_DEVICE_FAMILY = "1,2";
			};
			name = Debug;
		};
		F7CBB30D2D946FA8001E5C59 /* Release */ = {
			isa = XCBuildConfiguration;
			buildSettings = {
				ASSETCATALOG_COMPILER_APPICON_NAME = AppIcon;
				ASSETCATALOG_COMPILER_GLOBAL_ACCENT_COLOR_NAME = AccentColor;
				CODE_SIGN_STYLE = Automatic;
				CURRENT_PROJECT_VERSION = 1;
				DEVELOPMENT_ASSET_PATHS = "\"FirstProjekt/Preview Content\"";
				DEVELOPMENT_TEAM = T3B2A4636L;
				ENABLE_PREVIEWS = YES;
				GENERATE_INFOPLIST_FILE = YES;
				INFOPLIST_KEY_UIApplicationSceneManifest_Generation = YES;
				INFOPLIST_KEY_UIApplicationSupportsIndirectInputEvents = YES;
				INFOPLIST_KEY_UILaunchScreen_Generation = YES;
				INFOPLIST_KEY_UISupportedInterfaceOrientations_iPad = "UIInterfaceOrientationPortrait UIInterfaceOrientationPortraitUpsideDown UIInterfaceOrientationLandscapeLeft UIInterfaceOrientationLandscapeRight";
				INFOPLIST_KEY_UISupportedInterfaceOrientations_iPhone = "UIInterfaceOrientationPortrait UIInterfaceOrientationLandscapeLeft UIInterfaceOrientationLandscapeRight";
				LD_RUNPATH_SEARCH_PATHS = (
					"$(inherited)",
					"@executable_path/Frameworks",
				);
				MARKETING_VERSION = 1.0;
				PRODUCT_BUNDLE_IDENTIFIER = Projekt.FirstProjekt;
				PRODUCT_NAME = "$(TARGET_NAME)";
				SWIFT_EMIT_LOC_STRINGS = YES;
				SWIFT_VERSION = 5.0;
				TARGETED_DEVICE_FAMILY = "1,2";
			};
			name = Release;
		};
		F7CBB30F2D946FA8001E5C59 /* Debug */ = {
			isa = XCBuildConfiguration;
			buildSettings = {
				BUNDLE_LOADER = "$(TEST_HOST)";
				CODE_SIGN_STYLE = Automatic;
				CURRENT_PROJECT_VERSION = 1;
				DEVELOPMENT_TEAM = T3B2A4636L;
				GENERATE_INFOPLIST_FILE = YES;
				IPHONEOS_DEPLOYMENT_TARGET = 18.2;
				MARKETING_VERSION = 1.0;
				PRODUCT_BUNDLE_IDENTIFIER = Projekt.FirstProjektTests;
				PRODUCT_NAME = "$(TARGET_NAME)";
				SWIFT_EMIT_LOC_STRINGS = NO;
				SWIFT_VERSION = 5.0;
				TARGETED_DEVICE_FAMILY = "1,2";
				TEST_HOST = "$(BUILT_PRODUCTS_DIR)/FirstProjekt.app/$(BUNDLE_EXECUTABLE_FOLDER_PATH)/FirstProjekt";
			};
			name = Debug;
		};
		F7CBB3102D946FA8001E5C59 /* Release */ = {
			isa = XCBuildConfiguration;
			buildSettings = {
				BUNDLE_LOADER = "$(TEST_HOST)";
				CODE_SIGN_STYLE = Automatic;
				CURRENT_PROJECT_VERSION = 1;
				DEVELOPMENT_TEAM = T3B2A4636L;
				GENERATE_INFOPLIST_FILE = YES;
				IPHONEOS_DEPLOYMENT_TARGET = 18.2;
				MARKETING_VERSION = 1.0;
				PRODUCT_BUNDLE_IDENTIFIER = Projekt.FirstProjektTests;
				PRODUCT_NAME = "$(TARGET_NAME)";
				SWIFT_EMIT_LOC_STRINGS = NO;
				SWIFT_VERSION = 5.0;
				TARGETED_DEVICE_FAMILY = "1,2";
				TEST_HOST = "$(BUILT_PRODUCTS_DIR)/FirstProjekt.app/$(BUNDLE_EXECUTABLE_FOLDER_PATH)/FirstProjekt";
			};
			name = Release;
		};
		F7CBB3122D946FA8001E5C59 /* Debug */ = {
			isa = XCBuildConfiguration;
			buildSettings = {
				CODE_SIGN_STYLE = Automatic;
				CURRENT_PROJECT_VERSION = 1;
				DEVELOPMENT_TEAM = T3B2A4636L;
				GENERATE_INFOPLIST_FILE = YES;
				MARKETING_VERSION = 1.0;
				PRODUCT_BUNDLE_IDENTIFIER = Projekt.FirstProjektUITests;
				PRODUCT_NAME = "$(TARGET_NAME)";
				SWIFT_EMIT_LOC_STRINGS = NO;
				SWIFT_VERSION = 5.0;
				TARGETED_DEVICE_FAMILY = "1,2";
				TEST_TARGET_NAME = FirstProjekt;
			};
			name = Debug;
		};
		F7CBB3132D946FA8001E5C59 /* Release */ = {
			isa = XCBuildConfiguration;
			buildSettings = {
				CODE_SIGN_STYLE = Automatic;
				CURRENT_PROJECT_VERSION = 1;
				DEVELOPMENT_TEAM = T3B2A4636L;
				GENERATE_INFOPLIST_FILE = YES;
				MARKETING_VERSION = 1.0;
				PRODUCT_BUNDLE_IDENTIFIER = Projekt.FirstProjektUITests;
				PRODUCT_NAME = "$(TARGET_NAME)";
				SWIFT_EMIT_LOC_STRINGS = NO;
				SWIFT_VERSION = 5.0;
				TARGETED_DEVICE_FAMILY = "1,2";
				TEST_TARGET_NAME = FirstProjekt;
			};
			name = Release;
		};
/* End XCBuildConfiguration section */

/* Begin XCConfigurationList section */
		F7CBB2E22D946FA6001E5C59 /* Build configuration list for PBXProject "FirstProjekt" */ = {
			isa = XCConfigurationList;
			buildConfigurations = (
				F7CBB3092D946FA8001E5C59 /* Debug */,
				F7CBB30A2D946FA8001E5C59 /* Release */,
			);
			defaultConfigurationIsVisible = 0;
			defaultConfigurationName = Release;
		};
		F7CBB30B2D946FA8001E5C59 /* Build configuration list for PBXNativeTarget "FirstProjekt" */ = {
			isa = XCConfigurationList;
			buildConfigurations = (
				F7CBB30C2D946FA8001E5C59 /* Debug */,
				F7CBB30D2D946FA8001E5C59 /* Release */,
			);
			defaultConfigurationIsVisible = 0;
			defaultConfigurationName = Release;
		};
		F7CBB30E2D946FA8001E5C59 /* Build configuration list for PBXNativeTarget "FirstProjektTests" */ = {
			isa = XCConfigurationList;
			buildConfigurations = (
				F7CBB30F2D946FA8001E5C59 /* Debug */,
				F7CBB3102D946FA8001E5C59 /* Release */,
			);
			defaultConfigurationIsVisible = 0;
			defaultConfigurationName = Release;
		};
		F7CBB3112D946FA8001E5C59 /* Build configuration list for PBXNativeTarget "FirstProjektUITests" */ = {
			isa = XCConfigurationList;
			buildConfigurations = (
				F7CBB3122D946FA8001E5C59 /* Debug */,
				F7CBB3132D946FA8001E5C59 /* Release */,
			);
			defaultConfigurationIsVisible = 0;
			defaultConfigurationName = Release;
		};
/* End XCConfigurationList section */
	};
	rootObject = F7CBB2DF2D946FA6001E5C59 /* Project object */;
}
